
Microsoft Visual Studio Solution File, Format Version 12.00
# Visual Studio Version 17
VisualStudioVersion = 17.9.34728.123
MinimumVisualStudioVersion = 10.0.40219.1
Project("{FAE04EC0-301F-11D3-BF4B-00C04F79EFBC}") = "RedMango_API", "RedMango_API\RedMango_API.csproj", "{E266152C-5D03-4431-A948-ACAF9C4D9F88}"
EndProject
Global
	GlobalSection(SolutionConfigurationPlatforms) = preSolution
		Debug|Any CPU = Debug|Any CPU
		Release|Any CPU = Release|Any CPU
	EndGlobalSection
	GlobalSection(ProjectConfigurationPlatforms) = postSolution
		{E266152C-5D03-4431-A948-ACAF9C4D9F88}.Debug|Any CPU.ActiveCfg = Debug|Any CPU
		{E266152C-5D03-4431-A948-ACAF9C4D9F88}.Debug|Any CPU.Build.0 = Debug|Any CPU
		{E266152C-5D03-4431-A948-ACAF9C4D9F88}.Release|Any CPU.ActiveCfg = Release|Any CPU
		{E266152C-5D03-4431-A948-ACAF9C4D9F88}.Release|Any CPU.Build.0 = Release|Any CPU
	EndGlobalSection
	GlobalSection(SolutionProperties) = preSolution
		HideSolutionNode = FALSE
	EndGlobalSection
	GlobalSection(ExtensibilityGlobals) = postSolution
		SolutionGuid = {E7157F51-2500-48F0-BDA1-B6E30CCCBA9B}
	EndGlobalSection
EndGlobal
